
Microsoft Visual Studio Solution File, Format Version 12.00
# Visual Studio Version 16
VisualStudioVersion = 16.0.30114.105
MinimumVisualStudioVersion = 10.0.40219.1
Project("{FAE04EC0-301F-11D3-BF4B-00C04F79EFBC}") = "Dominio", "Dominio\Dominio.csproj", "{7339DB33-2561-4D7C-BEFB-B608E8640330}"
EndProject
Project("{FAE04EC0-301F-11D3-BF4B-00C04F79EFBC}") = "Aplicacion", "Aplicacion\Aplicacion.csproj", "{23C9156C-8FC5-4620-B7B4-72372F9C10CD}"
EndProject
Project("{FAE04EC0-301F-11D3-BF4B-00C04F79EFBC}") = "Persistencia", "Persistencia\Persistencia.csproj", "{62437C89-60D2-4B9C-99EF-43A6A81EB8F9}"
EndProject
Project("{FAE04EC0-301F-11D3-BF4B-00C04F79EFBC}") = "WebAPI", "WebAPI\WebAPI.csproj", "{C65129CA-FDE7-4C2A-B38E-801B53EADE14}"
EndProject
Global
	GlobalSection(SolutionConfigurationPlatforms) = preSolution
		Debug|Any CPU = Debug|Any CPU
		Debug|x64 = Debug|x64
		Debug|x86 = Debug|x86
		Release|Any CPU = Release|Any CPU
		Release|x64 = Release|x64
		Release|x86 = Release|x86
	EndGlobalSection
	GlobalSection(SolutionProperties) = preSolution
		HideSolutionNode = FALSE
	EndGlobalSection
	GlobalSection(ProjectConfigurationPlatforms) = postSolution
		{7339DB33-2561-4D7C-BEFB-B608E8640330}.Debug|Any CPU.ActiveCfg = Debug|Any CPU
		{7339DB33-2561-4D7C-BEFB-B608E8640330}.Debug|Any CPU.Build.0 = Debug|Any CPU
		{7339DB33-2561-4D7C-BEFB-B608E8640330}.Debug|x64.ActiveCfg = Debug|Any CPU
		{7339DB33-2561-4D7C-BEFB-B608E8640330}.Debug|x64.Build.0 = Debug|Any CPU
		{7339DB33-2561-4D7C-BEFB-B608E8640330}.Debug|x86.ActiveCfg = Debug|Any CPU
		{7339DB33-2561-4D7C-BEFB-B608E8640330}.Debug|x86.Build.0 = Debug|Any CPU
		{7339DB33-2561-4D7C-BEFB-B608E8640330}.Release|Any CPU.ActiveCfg = Release|Any CPU
		{7339DB33-2561-4D7C-BEFB-B608E8640330}.Release|Any CPU.Build.0 = Release|Any CPU
		{7339DB33-2561-4D7C-BEFB-B608E8640330}.Release|x64.ActiveCfg = Release|Any CPU
		{7339DB33-2561-4D7C-BEFB-B608E8640330}.Release|x64.Build.0 = Release|Any CPU
		{7339DB33-2561-4D7C-BEFB-B608E8640330}.Release|x86.ActiveCfg = Release|Any CPU
		{7339DB33-2561-4D7C-BEFB-B608E8640330}.Release|x86.Build.0 = Release|Any CPU
		{23C9156C-8FC5-4620-B7B4-72372F9C10CD}.Debug|Any CPU.ActiveCfg = Debug|Any CPU
		{23C9156C-8FC5-4620-B7B4-72372F9C10CD}.Debug|Any CPU.Build.0 = Debug|Any CPU
		{23C9156C-8FC5-4620-B7B4-72372F9C10CD}.Debug|x64.ActiveCfg = Debug|Any CPU
		{23C9156C-8FC5-4620-B7B4-72372F9C10CD}.Debug|x64.Build.0 = Debug|Any CPU
		{23C9156C-8FC5-4620-B7B4-72372F9C10CD}.Debug|x86.ActiveCfg = Debug|Any CPU
		{23C9156C-8FC5-4620-B7B4-72372F9C10CD}.Debug|x86.Build.0 = Debug|Any CPU
		{23C9156C-8FC5-4620-B7B4-72372F9C10CD}.Release|Any CPU.ActiveCfg = Release|Any CPU
		{23C9156C-8FC5-4620-B7B4-72372F9C10CD}.Release|Any CPU.Build.0 = Release|Any CPU
		{23C9156C-8FC5-4620-B7B4-72372F9C10CD}.Release|x64.ActiveCfg = Release|Any CPU
		{23C9156C-8FC5-4620-B7B4-72372F9C10CD}.Release|x64.Build.0 = Release|Any CPU
		{23C9156C-8FC5-4620-B7B4-72372F9C10CD}.Release|x86.ActiveCfg = Release|Any CPU
		{23C9156C-8FC5-4620-B7B4-72372F9C10CD}.Release|x86.Build.0 = Release|Any CPU
		{62437C89-60D2-4B9C-99EF-43A6A81EB8F9}.Debug|Any CPU.ActiveCfg = Debug|Any CPU
		{62437C89-60D2-4B9C-99EF-43A6A81EB8F9}.Debug|Any CPU.Build.0 = Debug|Any CPU
		{62437C89-60D2-4B9C-99EF-43A6A81EB8F9}.Debug|x64.ActiveCfg = Debug|Any CPU
		{62437C89-60D2-4B9C-99EF-43A6A81EB8F9}.Debug|x64.Build.0 = Debug|Any CPU
		{62437C89-60D2-4B9C-99EF-43A6A81EB8F9}.Debug|x86.ActiveCfg = Debug|Any CPU
		{62437C89-60D2-4B9C-99EF-43A6A81EB8F9}.Debug|x86.Build.0 = Debug|Any CPU
		{62437C89-60D2-4B9C-99EF-43A6A81EB8F9}.Release|Any CPU.ActiveCfg = Release|Any CPU
		{62437C89-60D2-4B9C-99EF-43A6A81EB8F9}.Release|Any CPU.Build.0 = Release|Any CPU
		{62437C89-60D2-4B9C-99EF-43A6A81EB8F9}.Release|x64.ActiveCfg = Release|Any CPU
		{62437C89-60D2-4B9C-99EF-43A6A81EB8F9}.Release|x64.Build.0 = Release|Any CPU
		{62437C89-60D2-4B9C-99EF-43A6A81EB8F9}.Release|x86.ActiveCfg = Release|Any CPU
		{62437C89-60D2-4B9C-99EF-43A6A81EB8F9}.Release|x86.Build.0 = Release|Any CPU
		{C65129CA-FDE7-4C2A-B38E-801B53EADE14}.Debug|Any CPU.ActiveCfg = Debug|Any CPU
		{C65129CA-FDE7-4C2A-B38E-801B53EADE14}.Debug|Any CPU.Build.0 = Debug|Any CPU
		{C65129CA-FDE7-4C2A-B38E-801B53EADE14}.Debug|x64.ActiveCfg = Debug|Any CPU
		{C65129CA-FDE7-4C2A-B38E-801B53EADE14}.Debug|x64.Build.0 = Debug|Any CPU
		{C65129CA-FDE7-4C2A-B38E-801B53EADE14}.Debug|x86.ActiveCfg = Debug|Any CPU
		{C65129CA-FDE7-4C2A-B38E-801B53EADE14}.Debug|x86.Build.0 = Debug|Any CPU
		{C65129CA-FDE7-4C2A-B38E-801B53EADE14}.Release|Any CPU.ActiveCfg = Release|Any CPU
		{C65129CA-FDE7-4C2A-B38E-801B53EADE14}.Release|Any CPU.Build.0 = Release|Any CPU
		{C65129CA-FDE7-4C2A-B38E-801B53EADE14}.Release|x64.ActiveCfg = Release|Any CPU
		{C65129CA-FDE7-4C2A-B38E-801B53EADE14}.Release|x64.Build.0 = Release|Any CPU
		{C65129CA-FDE7-4C2A-B38E-801B53EADE14}.Release|x86.ActiveCfg = Release|Any CPU
		{C65129CA-FDE7-4C2A-B38E-801B53EADE14}.Release|x86.Build.0 = Release|Any CPU
	EndGlobalSection
EndGlobal
